{
  "name": "test-install",
  "version": "1.0.0",
  "lockfileVersion": 3,
  "requires": true,
  "packages": {
    "": {
      "name": "test-install",
      "version": "1.0.0",
      "license": "ISC",
      "dependencies": {
        "pizza-validator": "file:../pizza-validator"
      }
    },
    "../pizza-validator": {
      "version": "1.0.0",
      "license": "ISC",
      "dependencies": {
        "zod": "^4.3.6"
      },
      "bin": {
        "pizza-validator": "dist/src/cli.js"
      },
      "devDependencies": {
        "@types/jest": "^30.0.0",
        "@types/node": "^25.2.1",
        "@typescript-eslint/parser": "^8.0.0",
        "eslint": "^9.39.2",
        "jest": "^30.2.0",
        "prettier": "^3.8.1",
        "ts-jest": "^29.4.6",
        "typescript": "^5.9.3"
      }
    },
    "node_modules/pizza-validator": {
      "resolved": "../pizza-validator",
      "link": true
    }
  }
}
